
Microsoft Visual Studio Solution File, Format Version 12.00
# Visual Studio Version 17
VisualStudioVersion = 17.6.33801.468
MinimumVisualStudioVersion = 10.0.40219.1
Project("{FAE04EC0-301F-11D3-BF4B-00C04F79EFBC}") = "Buildapp-Neue", "Buildapp-Neue\Buildapp-Neue.csproj", "{34B21D8D-6EFD-482B-9456-D2A9614DDA60}"
EndProject
Global
	GlobalSection(SolutionConfigurationPlatforms) = preSolution
		Debug|Any CPU = Debug|Any CPU
		Release|Any CPU = Release|Any CPU
	EndGlobalSection
	GlobalSection(ProjectConfigurationPlatforms) = postSolution
		{34B21D8D-6EFD-482B-9456-D2A9614DDA60}.Debug|Any CPU.ActiveCfg = Debug|Any CPU
		{34B21D8D-6EFD-482B-9456-D2A9614DDA60}.Debug|Any CPU.Build.0 = Debug|Any CPU
		{34B21D8D-6EFD-482B-9456-D2A9614DDA60}.Release|Any CPU.ActiveCfg = Release|Any CPU
		{34B21D8D-6EFD-482B-9456-D2A9614DDA60}.Release|Any CPU.Build.0 = Release|Any CPU
	EndGlobalSection
	GlobalSection(SolutionProperties) = preSolution
		HideSolutionNode = FALSE
	EndGlobalSection
	GlobalSection(ExtensibilityGlobals) = postSolution
		SolutionGuid = {970DF226-FDB8-400A-AF0A-F97D352B55D1}
	EndGlobalSection
EndGlobal
